
Microsoft Visual Studio Solution File, Format Version 12.00
# Visual Studio 2013
VisualStudioVersion = 12.0.31101.0
MinimumVisualStudioVersion = 10.0.40219.1
Project("{FAE04EC0-301F-11D3-BF4B-00C04F79EFBC}") = "EventsProvider", "EventsProvider\EventsProvider.csproj", "{39D1B384-00F8-4A8B-A858-F367D672F3AB}"
EndProject
Project("{FAE04EC0-301F-11D3-BF4B-00C04F79EFBC}") = "EventsProviderConsole", "EventsProviderConsole\EventsProviderConsole.csproj", "{7DC845DD-5DAA-47D4-BF69-031616ED441B}"
EndProject
Project("{FAE04EC0-301F-11D3-BF4B-00C04F79EFBC}") = "Web", "Web\Web.csproj", "{AFBC25DE-7A47-463D-BA51-3B998217CC55}"
EndProject
Global
	GlobalSection(SolutionConfigurationPlatforms) = preSolution
		Debug|Any CPU = Debug|Any CPU
		Release|Any CPU = Release|Any CPU
	EndGlobalSection
	GlobalSection(ProjectConfigurationPlatforms) = postSolution
		{39D1B384-00F8-4A8B-A858-F367D672F3AB}.Debug|Any CPU.ActiveCfg = Debug|Any CPU
		{39D1B384-00F8-4A8B-A858-F367D672F3AB}.Debug|Any CPU.Build.0 = Debug|Any CPU
		{39D1B384-00F8-4A8B-A858-F367D672F3AB}.Release|Any CPU.ActiveCfg = Release|Any CPU
		{39D1B384-00F8-4A8B-A858-F367D672F3AB}.Release|Any CPU.Build.0 = Release|Any CPU
		{7DC845DD-5DAA-47D4-BF69-031616ED441B}.Debug|Any CPU.ActiveCfg = Debug|Any CPU
		{7DC845DD-5DAA-47D4-BF69-031616ED441B}.Debug|Any CPU.Build.0 = Debug|Any CPU
		{7DC845DD-5DAA-47D4-BF69-031616ED441B}.Release|Any CPU.ActiveCfg = Release|Any CPU
		{7DC845DD-5DAA-47D4-BF69-031616ED441B}.Release|Any CPU.Build.0 = Release|Any CPU
		{AFBC25DE-7A47-463D-BA51-3B998217CC55}.Debug|Any CPU.ActiveCfg = Debug|Any CPU
		{AFBC25DE-7A47-463D-BA51-3B998217CC55}.Debug|Any CPU.Build.0 = Debug|Any CPU
		{AFBC25DE-7A47-463D-BA51-3B998217CC55}.Release|Any CPU.ActiveCfg = Release|Any CPU
		{AFBC25DE-7A47-463D-BA51-3B998217CC55}.Release|Any CPU.Build.0 = Release|Any CPU
	EndGlobalSection
	GlobalSection(SolutionProperties) = preSolution
		HideSolutionNode = FALSE
	EndGlobalSection
EndGlobal
